
Microsoft Visual Studio Solution File, Format Version 12.00
# Visual Studio Express 2012 for Windows Desktop
Project("{FAE04EC0-301F-11D3-BF4B-00C04F79EFBC}") = "BaseballSimulator", "BaseballSimulator\BaseballSimulator.csproj", "{EE58648E-BF59-41B4-A706-28C16499F8DC}"
EndProject
Global
	GlobalSection(SolutionConfigurationPlatforms) = preSolution
		Debug|Any CPU = Debug|Any CPU
		Release|Any CPU = Release|Any CPU
	EndGlobalSection
	GlobalSection(ProjectConfigurationPlatforms) = postSolution
		{EE58648E-BF59-41B4-A706-28C16499F8DC}.Debug|Any CPU.ActiveCfg = Debug|Any CPU
		{EE58648E-BF59-41B4-A706-28C16499F8DC}.Debug|Any CPU.Build.0 = Debug|Any CPU
		{EE58648E-BF59-41B4-A706-28C16499F8DC}.Release|Any CPU.ActiveCfg = Release|Any CPU
		{EE58648E-BF59-41B4-A706-28C16499F8DC}.Release|Any CPU.Build.0 = Release|Any CPU
	EndGlobalSection
	GlobalSection(SolutionProperties) = preSolution
		HideSolutionNode = FALSE
	EndGlobalSection
EndGlobal
