
Microsoft Visual Studio Solution File, Format Version 12.00
# Visual Studio Express 2012 for Windows Desktop
Project("{FAE04EC0-301F-11D3-BF4B-00C04F79EFBC}") = "PoolPuzzle", "PoolPuzzle\PoolPuzzle.csproj", "{2267BFC6-79BC-43C4-8654-AA5BD4C11FCD}"
EndProject
Global
	GlobalSection(SolutionConfigurationPlatforms) = preSolution
		Debug|Any CPU = Debug|Any CPU
		Release|Any CPU = Release|Any CPU
	EndGlobalSection
	GlobalSection(ProjectConfigurationPlatforms) = postSolution
		{2267BFC6-79BC-43C4-8654-AA5BD4C11FCD}.Debug|Any CPU.ActiveCfg = Debug|Any CPU
		{2267BFC6-79BC-43C4-8654-AA5BD4C11FCD}.Debug|Any CPU.Build.0 = Debug|Any CPU
		{2267BFC6-79BC-43C4-8654-AA5BD4C11FCD}.Release|Any CPU.ActiveCfg = Release|Any CPU
		{2267BFC6-79BC-43C4-8654-AA5BD4C11FCD}.Release|Any CPU.Build.0 = Release|Any CPU
	EndGlobalSection
	GlobalSection(SolutionProperties) = preSolution
		HideSolutionNode = FALSE
	EndGlobalSection
EndGlobal
