
Microsoft Visual Studio Solution File, Format Version 12.00
# Visual Studio Express 2012 for Windows Desktop
Project("{FAE04EC0-301F-11D3-BF4B-00C04F79EFBC}") = "UseABinaryWriter", "UseABinaryWriter.csproj", "{A2053460-843F-449D-96D7-731E3DF3B8F5}"
EndProject
Global
	GlobalSection(SolutionConfigurationPlatforms) = preSolution
		Debug|Any CPU = Debug|Any CPU
		Release|Any CPU = Release|Any CPU
	EndGlobalSection
	GlobalSection(ProjectConfigurationPlatforms) = postSolution
		{A2053460-843F-449D-96D7-731E3DF3B8F5}.Debug|Any CPU.ActiveCfg = Debug|Any CPU
		{A2053460-843F-449D-96D7-731E3DF3B8F5}.Debug|Any CPU.Build.0 = Debug|Any CPU
		{A2053460-843F-449D-96D7-731E3DF3B8F5}.Release|Any CPU.ActiveCfg = Release|Any CPU
		{A2053460-843F-449D-96D7-731E3DF3B8F5}.Release|Any CPU.Build.0 = Release|Any CPU
	EndGlobalSection
	GlobalSection(SolutionProperties) = preSolution
		HideSolutionNode = FALSE
	EndGlobalSection
EndGlobal
