
Microsoft Visual Studio Solution File, Format Version 12.00
# Visual Studio Express 2012 for Windows Desktop
Project("{FAE04EC0-301F-11D3-BF4B-00C04F79EFBC}") = "DictionaryInAction", "DictionaryInAction.csproj", "{BF15585A-AC66-417D-AD7E-A25BDD7C56A8}"
EndProject
Global
	GlobalSection(SolutionConfigurationPlatforms) = preSolution
		Debug|Any CPU = Debug|Any CPU
		Release|Any CPU = Release|Any CPU
	EndGlobalSection
	GlobalSection(ProjectConfigurationPlatforms) = postSolution
		{BF15585A-AC66-417D-AD7E-A25BDD7C56A8}.Debug|Any CPU.ActiveCfg = Debug|Any CPU
		{BF15585A-AC66-417D-AD7E-A25BDD7C56A8}.Debug|Any CPU.Build.0 = Debug|Any CPU
		{BF15585A-AC66-417D-AD7E-A25BDD7C56A8}.Release|Any CPU.ActiveCfg = Release|Any CPU
		{BF15585A-AC66-417D-AD7E-A25BDD7C56A8}.Release|Any CPU.Build.0 = Release|Any CPU
	EndGlobalSection
	GlobalSection(SolutionProperties) = preSolution
		HideSolutionNode = FALSE
	EndGlobalSection
EndGlobal
