
Microsoft Visual Studio Solution File, Format Version 12.00
# Visual Studio Express 2012 for Windows Desktop
Project("{FAE04EC0-301F-11D3-BF4B-00C04F79EFBC}") = "ExcuseManager", "ExcuseManager.csproj", "{2A1C218E-8D3E-48C4-998D-33F6EFE0A95A}"
EndProject
Global
	GlobalSection(SolutionConfigurationPlatforms) = preSolution
		Debug|Any CPU = Debug|Any CPU
		Release|Any CPU = Release|Any CPU
	EndGlobalSection
	GlobalSection(ProjectConfigurationPlatforms) = postSolution
		{2A1C218E-8D3E-48C4-998D-33F6EFE0A95A}.Debug|Any CPU.ActiveCfg = Debug|Any CPU
		{2A1C218E-8D3E-48C4-998D-33F6EFE0A95A}.Debug|Any CPU.Build.0 = Debug|Any CPU
		{2A1C218E-8D3E-48C4-998D-33F6EFE0A95A}.Release|Any CPU.ActiveCfg = Release|Any CPU
		{2A1C218E-8D3E-48C4-998D-33F6EFE0A95A}.Release|Any CPU.Build.0 = Release|Any CPU
	EndGlobalSection
	GlobalSection(SolutionProperties) = preSolution
		HideSolutionNode = FALSE
	EndGlobalSection
EndGlobal
