
Microsoft Visual Studio Solution File, Format Version 12.00
# Visual Studio Express 2012 for Windows Desktop
Project("{FAE04EC0-301F-11D3-BF4B-00C04F79EFBC}") = "RefOutAndNullable", "RefOutAndNullable\RefOutAndNullable.csproj", "{351C09F7-A456-470D-99A5-0F5B19C69D24}"
EndProject
Global
	GlobalSection(SolutionConfigurationPlatforms) = preSolution
		Debug|Any CPU = Debug|Any CPU
		Release|Any CPU = Release|Any CPU
	EndGlobalSection
	GlobalSection(ProjectConfigurationPlatforms) = postSolution
		{351C09F7-A456-470D-99A5-0F5B19C69D24}.Debug|Any CPU.ActiveCfg = Debug|Any CPU
		{351C09F7-A456-470D-99A5-0F5B19C69D24}.Debug|Any CPU.Build.0 = Debug|Any CPU
		{351C09F7-A456-470D-99A5-0F5B19C69D24}.Release|Any CPU.ActiveCfg = Release|Any CPU
		{351C09F7-A456-470D-99A5-0F5B19C69D24}.Release|Any CPU.Build.0 = Release|Any CPU
	EndGlobalSection
	GlobalSection(SolutionProperties) = preSolution
		HideSolutionNode = FALSE
	EndGlobalSection
EndGlobal
