
Microsoft Visual Studio Solution File, Format Version 12.00
# Visual Studio Express 2012 for Windows Desktop
Project("{FAE04EC0-301F-11D3-BF4B-00C04F79EFBC}") = "StarryNight", "StarryNight\StarryNight.csproj", "{C378A26B-64AE-4CE1-9232-2BBB5C69F3B9}"
EndProject
Global
	GlobalSection(SolutionConfigurationPlatforms) = preSolution
		Debug|Any CPU = Debug|Any CPU
		Release|Any CPU = Release|Any CPU
	EndGlobalSection
	GlobalSection(ProjectConfigurationPlatforms) = postSolution
		{C378A26B-64AE-4CE1-9232-2BBB5C69F3B9}.Debug|Any CPU.ActiveCfg = Debug|Any CPU
		{C378A26B-64AE-4CE1-9232-2BBB5C69F3B9}.Debug|Any CPU.Build.0 = Debug|Any CPU
		{C378A26B-64AE-4CE1-9232-2BBB5C69F3B9}.Release|Any CPU.ActiveCfg = Release|Any CPU
		{C378A26B-64AE-4CE1-9232-2BBB5C69F3B9}.Release|Any CPU.Build.0 = Release|Any CPU
	EndGlobalSection
	GlobalSection(SolutionProperties) = preSolution
		HideSolutionNode = FALSE
	EndGlobalSection
EndGlobal
