
Microsoft Visual Studio Solution File, Format Version 12.00
# Visual Studio Express 2012 for Windows Desktop
Project("{FAE04EC0-301F-11D3-BF4B-00C04F79EFBC}") = "SecretIngredients", "SecretIngredients\SecretIngredients.csproj", "{DC2D781E-10AA-4D59-B653-122EB010ED4D}"
EndProject
Global
	GlobalSection(SolutionConfigurationPlatforms) = preSolution
		Debug|Any CPU = Debug|Any CPU
		Release|Any CPU = Release|Any CPU
	EndGlobalSection
	GlobalSection(ProjectConfigurationPlatforms) = postSolution
		{DC2D781E-10AA-4D59-B653-122EB010ED4D}.Debug|Any CPU.ActiveCfg = Debug|Any CPU
		{DC2D781E-10AA-4D59-B653-122EB010ED4D}.Debug|Any CPU.Build.0 = Debug|Any CPU
		{DC2D781E-10AA-4D59-B653-122EB010ED4D}.Release|Any CPU.ActiveCfg = Release|Any CPU
		{DC2D781E-10AA-4D59-B653-122EB010ED4D}.Release|Any CPU.Build.0 = Release|Any CPU
	EndGlobalSection
	GlobalSection(SolutionProperties) = preSolution
		HideSolutionNode = FALSE
	EndGlobalSection
EndGlobal
