
Microsoft Visual Studio Solution File, Format Version 12.00
# Visual Studio Express 2012 for Windows Desktop
Project("{FAE04EC0-301F-11D3-BF4B-00C04F79EFBC}") = "TwoDecks", "TwoDecks.csproj", "{B37AF63E-3E82-498B-97D4-C668137F1823}"
EndProject
Global
	GlobalSection(SolutionConfigurationPlatforms) = preSolution
		Debug|Any CPU = Debug|Any CPU
		Release|Any CPU = Release|Any CPU
	EndGlobalSection
	GlobalSection(ProjectConfigurationPlatforms) = postSolution
		{B37AF63E-3E82-498B-97D4-C668137F1823}.Debug|Any CPU.ActiveCfg = Debug|Any CPU
		{B37AF63E-3E82-498B-97D4-C668137F1823}.Debug|Any CPU.Build.0 = Debug|Any CPU
		{B37AF63E-3E82-498B-97D4-C668137F1823}.Release|Any CPU.ActiveCfg = Release|Any CPU
		{B37AF63E-3E82-498B-97D4-C668137F1823}.Release|Any CPU.Build.0 = Release|Any CPU
	EndGlobalSection
	GlobalSection(SolutionProperties) = preSolution
		HideSolutionNode = FALSE
	EndGlobalSection
EndGlobal
