
Microsoft Visual Studio Solution File, Format Version 12.00
# Visual Studio Express 2012 for Windows Desktop
Project("{FAE04EC0-301F-11D3-BF4B-00C04F79EFBC}") = "Chapter 2 - Program 4", "Chapter 2 - Program 4\Chapter 2 - Program 4.csproj", "{49520E6C-4F45-4CA1-B64D-61AE005E4E4A}"
EndProject
Global
	GlobalSection(SolutionConfigurationPlatforms) = preSolution
		Debug|Any CPU = Debug|Any CPU
		Release|Any CPU = Release|Any CPU
	EndGlobalSection
	GlobalSection(ProjectConfigurationPlatforms) = postSolution
		{49520E6C-4F45-4CA1-B64D-61AE005E4E4A}.Debug|Any CPU.ActiveCfg = Debug|Any CPU
		{49520E6C-4F45-4CA1-B64D-61AE005E4E4A}.Debug|Any CPU.Build.0 = Debug|Any CPU
		{49520E6C-4F45-4CA1-B64D-61AE005E4E4A}.Release|Any CPU.ActiveCfg = Release|Any CPU
		{49520E6C-4F45-4CA1-B64D-61AE005E4E4A}.Release|Any CPU.Build.0 = Release|Any CPU
	EndGlobalSection
	GlobalSection(SolutionProperties) = preSolution
		HideSolutionNode = FALSE
	EndGlobalSection
EndGlobal
