
Microsoft Visual Studio Solution File, Format Version 12.00
# Visual Studio Express 2012 for Windows Desktop
Project("{FAE04EC0-301F-11D3-BF4B-00C04F79EFBC}") = "UpcastAnEntireList", "UpcastAnEntireList.csproj", "{130DB9CB-9D38-4D84-AD5F-6B7097CAF4EC}"
EndProject
Global
	GlobalSection(SolutionConfigurationPlatforms) = preSolution
		Debug|Any CPU = Debug|Any CPU
		Release|Any CPU = Release|Any CPU
	EndGlobalSection
	GlobalSection(ProjectConfigurationPlatforms) = postSolution
		{130DB9CB-9D38-4D84-AD5F-6B7097CAF4EC}.Debug|Any CPU.ActiveCfg = Debug|Any CPU
		{130DB9CB-9D38-4D84-AD5F-6B7097CAF4EC}.Debug|Any CPU.Build.0 = Debug|Any CPU
		{130DB9CB-9D38-4D84-AD5F-6B7097CAF4EC}.Release|Any CPU.ActiveCfg = Release|Any CPU
		{130DB9CB-9D38-4D84-AD5F-6B7097CAF4EC}.Release|Any CPU.Build.0 = Release|Any CPU
	EndGlobalSection
	GlobalSection(SolutionProperties) = preSolution
		HideSolutionNode = FALSE
	EndGlobalSection
EndGlobal
