
Microsoft Visual Studio Solution File, Format Version 12.00
# Visual Studio Express 2012 for Windows Desktop
Project("{FAE04EC0-301F-11D3-BF4B-00C04F79EFBC}") = "HexDumper", "HexDumper.csproj", "{1901E68C-42FC-4E09-AEC6-5DA44FAE5856}"
EndProject
Global
	GlobalSection(SolutionConfigurationPlatforms) = preSolution
		Debug|Any CPU = Debug|Any CPU
		Release|Any CPU = Release|Any CPU
	EndGlobalSection
	GlobalSection(ProjectConfigurationPlatforms) = postSolution
		{1901E68C-42FC-4E09-AEC6-5DA44FAE5856}.Debug|Any CPU.ActiveCfg = Debug|Any CPU
		{1901E68C-42FC-4E09-AEC6-5DA44FAE5856}.Debug|Any CPU.Build.0 = Debug|Any CPU
		{1901E68C-42FC-4E09-AEC6-5DA44FAE5856}.Release|Any CPU.ActiveCfg = Release|Any CPU
		{1901E68C-42FC-4E09-AEC6-5DA44FAE5856}.Release|Any CPU.Build.0 = Release|Any CPU
	EndGlobalSection
	GlobalSection(SolutionProperties) = preSolution
		HideSolutionNode = FALSE
	EndGlobalSection
EndGlobal
