
Microsoft Visual Studio Solution File, Format Version 12.00
# Visual Studio Express 2012 for Windows Desktop
Project("{FAE04EC0-301F-11D3-BF4B-00C04F79EFBC}") = "SloppyJoeChapter10", "SloppyJoeChapter10\SloppyJoeChapter10.csproj", "{B3AA043B-C992-4731-979A-F1C9B8D0422A}"
EndProject
Global
	GlobalSection(SolutionConfigurationPlatforms) = preSolution
		Debug|Any CPU = Debug|Any CPU
		Release|Any CPU = Release|Any CPU
	EndGlobalSection
	GlobalSection(ProjectConfigurationPlatforms) = postSolution
		{B3AA043B-C992-4731-979A-F1C9B8D0422A}.Debug|Any CPU.ActiveCfg = Debug|Any CPU
		{B3AA043B-C992-4731-979A-F1C9B8D0422A}.Debug|Any CPU.Build.0 = Debug|Any CPU
		{B3AA043B-C992-4731-979A-F1C9B8D0422A}.Release|Any CPU.ActiveCfg = Release|Any CPU
		{B3AA043B-C992-4731-979A-F1C9B8D0422A}.Release|Any CPU.Build.0 = Release|Any CPU
	EndGlobalSection
	GlobalSection(SolutionProperties) = preSolution
		HideSolutionNode = FALSE
	EndGlobalSection
EndGlobal
