
Microsoft Visual Studio Solution File, Format Version 12.00
# Visual Studio Express 2012 for Windows Desktop
Project("{FAE04EC0-301F-11D3-BF4B-00C04F79EFBC}") = "Headfirst.Csharp.Leftover3", "Headfirst.Csharp.Leftover3\Headfirst.Csharp.Leftover3.csproj", "{C58CD8C6-883F-44A6-A3A2-1B1779D38851}"
EndProject
Project("{FAE04EC0-301F-11D3-BF4B-00C04F79EFBC}") = "MyProgram", "MyProgram\MyProgram.csproj", "{9E41BDF5-A9A7-4C03-8A3B-134178BD762F}"
EndProject
Global
	GlobalSection(SolutionConfigurationPlatforms) = preSolution
		Debug|Any CPU = Debug|Any CPU
		Release|Any CPU = Release|Any CPU
	EndGlobalSection
	GlobalSection(ProjectConfigurationPlatforms) = postSolution
		{C58CD8C6-883F-44A6-A3A2-1B1779D38851}.Debug|Any CPU.ActiveCfg = Debug|Any CPU
		{C58CD8C6-883F-44A6-A3A2-1B1779D38851}.Debug|Any CPU.Build.0 = Debug|Any CPU
		{C58CD8C6-883F-44A6-A3A2-1B1779D38851}.Release|Any CPU.ActiveCfg = Release|Any CPU
		{C58CD8C6-883F-44A6-A3A2-1B1779D38851}.Release|Any CPU.Build.0 = Release|Any CPU
		{9E41BDF5-A9A7-4C03-8A3B-134178BD762F}.Debug|Any CPU.ActiveCfg = Debug|Any CPU
		{9E41BDF5-A9A7-4C03-8A3B-134178BD762F}.Debug|Any CPU.Build.0 = Debug|Any CPU
		{9E41BDF5-A9A7-4C03-8A3B-134178BD762F}.Release|Any CPU.ActiveCfg = Release|Any CPU
		{9E41BDF5-A9A7-4C03-8A3B-134178BD762F}.Release|Any CPU.Build.0 = Release|Any CPU
	EndGlobalSection
	GlobalSection(SolutionProperties) = preSolution
		HideSolutionNode = FALSE
	EndGlobalSection
EndGlobal
