
Microsoft Visual Studio Solution File, Format Version 12.00
# Visual Studio Express 2012 for Windows Desktop
Project("{FAE04EC0-301F-11D3-BF4B-00C04F79EFBC}") = "ExcuseManager_Serialized", "ExcuseManager_Serialized.csproj", "{CD5ED3D6-37E1-4AD4-B708-E2BB62E33221}"
EndProject
Global
	GlobalSection(SolutionConfigurationPlatforms) = preSolution
		Debug|Any CPU = Debug|Any CPU
		Release|Any CPU = Release|Any CPU
	EndGlobalSection
	GlobalSection(ProjectConfigurationPlatforms) = postSolution
		{CD5ED3D6-37E1-4AD4-B708-E2BB62E33221}.Debug|Any CPU.ActiveCfg = Debug|Any CPU
		{CD5ED3D6-37E1-4AD4-B708-E2BB62E33221}.Debug|Any CPU.Build.0 = Debug|Any CPU
		{CD5ED3D6-37E1-4AD4-B708-E2BB62E33221}.Release|Any CPU.ActiveCfg = Release|Any CPU
		{CD5ED3D6-37E1-4AD4-B708-E2BB62E33221}.Release|Any CPU.Build.0 = Release|Any CPU
	EndGlobalSection
	GlobalSection(SolutionProperties) = preSolution
		HideSolutionNode = FALSE
	EndGlobalSection
EndGlobal
