
Microsoft Visual Studio Solution File, Format Version 12.00
# Visual Studio Express 2012 for Windows Desktop
Project("{FAE04EC0-301F-11D3-BF4B-00C04F79EFBC}") = "RobustGuy", "RobustGuy\RobustGuy.csproj", "{86E7B513-EAE3-44E1-92CB-035478DB8846}"
EndProject
Global
	GlobalSection(SolutionConfigurationPlatforms) = preSolution
		Debug|Any CPU = Debug|Any CPU
		Release|Any CPU = Release|Any CPU
	EndGlobalSection
	GlobalSection(ProjectConfigurationPlatforms) = postSolution
		{86E7B513-EAE3-44E1-92CB-035478DB8846}.Debug|Any CPU.ActiveCfg = Debug|Any CPU
		{86E7B513-EAE3-44E1-92CB-035478DB8846}.Debug|Any CPU.Build.0 = Debug|Any CPU
		{86E7B513-EAE3-44E1-92CB-035478DB8846}.Release|Any CPU.ActiveCfg = Release|Any CPU
		{86E7B513-EAE3-44E1-92CB-035478DB8846}.Release|Any CPU.Build.0 = Release|Any CPU
	EndGlobalSection
	GlobalSection(SolutionProperties) = preSolution
		HideSolutionNode = FALSE
	EndGlobalSection
EndGlobal
