
Microsoft Visual Studio Solution File, Format Version 12.00
# Visual Studio Express 2012 for Windows Desktop
Project("{FAE04EC0-301F-11D3-BF4B-00C04F79EFBC}") = "ExceptionMagnets", "ExceptionMagnets.csproj", "{407385EE-5E29-4C9E-A8EB-A5CE3228CB8E}"
EndProject
Global
	GlobalSection(SolutionConfigurationPlatforms) = preSolution
		Debug|Any CPU = Debug|Any CPU
		Release|Any CPU = Release|Any CPU
	EndGlobalSection
	GlobalSection(ProjectConfigurationPlatforms) = postSolution
		{407385EE-5E29-4C9E-A8EB-A5CE3228CB8E}.Debug|Any CPU.ActiveCfg = Debug|Any CPU
		{407385EE-5E29-4C9E-A8EB-A5CE3228CB8E}.Debug|Any CPU.Build.0 = Debug|Any CPU
		{407385EE-5E29-4C9E-A8EB-A5CE3228CB8E}.Release|Any CPU.ActiveCfg = Release|Any CPU
		{407385EE-5E29-4C9E-A8EB-A5CE3228CB8E}.Release|Any CPU.Build.0 = Release|Any CPU
	EndGlobalSection
	GlobalSection(SolutionProperties) = preSolution
		HideSolutionNode = FALSE
	EndGlobalSection
EndGlobal
